# THIS IS AN AUTOGENERATED FILE. DO NOT EDIT THIS FILE DIRECTLY.
# yarn lockfile v1


"@primer/css@^17.1.1":
  version "17.1.1"
  resolved "https://registry.yarnpkg.com/@primer/css/-/css-17.1.1.tgz#4ebd4383fc3c7d0f73c1dbfe516c916a536d08c3"
  integrity sha512-/SET0U0s3zWlnCLIm5X4zeKD3iUi0CxIcR17hP/Ee4TOn5C/y+gKKohJQQKZCUPK3ZqoLv3oU/sA9hUdpNn2yA==
  dependencies:
    "@primer/primitives" "4.3.5"

"@primer/primitives@4.3.5":
  version "4.3.5"
  resolved "https://registry.yarnpkg.com/@primer/primitives/-/primitives-4.3.5.tgz#9fff5a55b3a201bd7eb92dd1f17818f132dca939"
  integrity sha512-SL9YSLjUy7qRmoFjUtHO2t0vcyv+9x/7LwFweIzL8IUTzm43DuYXzBQ3LH8HbbUjSBWVyjAm9zGz6jIaU9HadQ==
