# THIS IS AN AUTOGENERATED FILE. DO NOT EDIT THIS FILE DIRECTLY.
# yarn lockfile v1


"@primer/css@^16.0.2":
  version "16.0.2"
  resolved "https://registry.yarnpkg.com/@primer/css/-/css-16.0.2.tgz#f59060f160bf284927c8452f1cc03374e5d89812"
  integrity sha512-9QOrsWf31RiMnVWgkY7DA30pk6L6KKZJNoeU5CaxJQMPgf9IH48oTBpCAbFc1377x/DwA7pLxLIf+5tQbpdneQ==
  dependencies:
    "@primer/octicons" "^9.1.1"
    "@primer/primitives" "^4.0.1"

"@primer/octicons@^9.1.1":
  version "9.1.1"
  resolved "https://registry.yarnpkg.com/@primer/octicons/-/octicons-9.1.1.tgz#a72a59e8ec77521cc2eefb36c345f780a61c79fb"
  integrity sha512-7EGM0+Kx39bIgaYr9bTCzFvBCxm+fqh/YJIoSns8zfCwss32ZJ2GDP3024UH709VQtM5cKFU4JcIYPHyGdSfIg==
  dependencies:
    object-assign "^4.1.1"

"@primer/primitives@^4.0.1":
  version "4.0.1"
  resolved "https://registry.yarnpkg.com/@primer/primitives/-/primitives-4.0.1.tgz#87dae25cc075dd1b38a06d5d91bdfd4b22ea1abf"
  integrity sha512-TFbO/duRByLSGsCuDRo5Qgd+NOZmMKCB+au32ZHgGfn9KDdlGbbwvGKOx6c56jRWDCHk27aRL2bG4Hc9tFgHpA==

object-assign@^4.1.1:
  version "4.1.1"
  resolved "https://registry.yarnpkg.com/object-assign/-/object-assign-4.1.1.tgz#2109adc7965887cfc05cbbd442cac8bfbb360863"
  integrity sha1-IQmtx5ZYh8/AXLvUQsrIv7s2CGM=
