# THIS IS AN AUTOGENERATED FILE. DO NOT EDIT THIS FILE DIRECTLY.
# yarn lockfile v1


"@primer/css@^14.2.0":
  version "14.2.0"
  resolved "https://registry.yarnpkg.com/@primer/css/-/css-14.2.0.tgz#7debf703a68aeabbdc5ff38838ea1d649744f1cf"
  integrity sha512-BvBuw0V8ypOFpFhvXRpPWQQ3w/piUMS/Pp/rRg3ddnw0eu2keC2Sj+CzJv3ofsiGoq7juHGfGQlqkOWmSQjXRw==
  dependencies:
    "@primer/octicons" "^9.1.1"

"@primer/octicons@^9.1.1":
  version "9.1.1"
  resolved "https://registry.yarnpkg.com/@primer/octicons/-/octicons-9.1.1.tgz#a72a59e8ec77521cc2eefb36c345f780a61c79fb"
  integrity sha512-7EGM0+Kx39bIgaYr9bTCzFvBCxm+fqh/YJIoSns8zfCwss32ZJ2GDP3024UH709VQtM5cKFU4JcIYPHyGdSfIg==
  dependencies:
    object-assign "^4.1.1"

object-assign@^4.1.1:
  version "4.1.1"
  resolved "https://registry.yarnpkg.com/object-assign/-/object-assign-4.1.1.tgz#2109adc7965887cfc05cbbd442cac8bfbb360863"
  integrity sha1-IQmtx5ZYh8/AXLvUQsrIv7s2CGM=
